{
    "_meta": {
        "hash": {
            "sha256": "2a04883e2793a1ba81e8d885791be68ceb51075f9e2607b9b86057b5b1938113"
        },
        "pipfile-spec": 6,
        "requires": {
            "python_version": "3.7"
        },
        "sources": [
            {
                "name": "pypi",
                "url": "https://pypi.org/simple",
                "verify_ssl": true
            }
        ]
    },
    "default": {
        "attrs": {
            "hashes": [
                "sha256:31b2eced602aa8423c2aea9c76a724617ed67cf9513173fd3a4f03e3a929c7e6",
                "sha256:832aa3cde19744e49938b91fea06d69ecb9e649c93ba974535d08ad92164f700"
            ],
            "markers": "python_version >= '2.7' and python_version not in '3.0, 3.1, 3.2, 3.3'",
            "version": "==20.3.0"
        },
        "aws-cdk.assets": {
            "hashes": [
                "sha256:1e7532a012af57df3baa599bccfa356080ffd57e09bc5ed49921f38f3b29dc24",
                "sha256:6d9c945f973f4d88a6af3a73fee2c6503723dbc65a6ba2490e07c72477396d31"
            ],
            "markers": "python_version >= '3.6'",
            "version": "==1.101.0"
        },
        "aws-cdk.aws-applicationautoscaling": {
            "hashes": [
                "sha256:b9c4189091f56b8f338f1b5a7ff8bd17da5140375932c9ef5359427f77410ad4",
                "sha256:f5a904c05ed4d3100379e47eca9996ec6aa1db38003a9569ad56263089cc1742"
            ],
            "markers": "python_version >= '3.6'",
            "version": "==1.101.0"
        },
        "aws-cdk.aws-autoscaling-common": {
            "hashes": [
                "sha256:3c7d60090f91f9b81fc9a195b5820eb16d03416610ba22af486949ac4e1c0a4b",
                "sha256:5950ea6442cb51d19639ef3d2db04b6427206cec3fad591c917d34db21e87d62"
            ],
            "markers": "python_version >= '3.6'",
            "version": "==1.101.0"
        },
        "aws-cdk.aws-cloudwatch": {
            "hashes": [
                "sha256:178ffe958c5d714ab9ebf1a7cdc3c5d26c2be677474eb9ba73278befc8add6f5",
                "sha256:b65f3de8dcee03abbc74abd2d1c1ef1e094396196e3b8a00b1d61ea0e22fb26e"
            ],
            "markers": "python_version >= '3.6'",
            "version": "==1.101.0"
        },
        "aws-cdk.aws-codebuild": {
            "hashes": [
                "sha256:6ecaf52fccdb52b1bccbff27416347fe3df59e9f821212a6938b0c88283ebe4c",
                "sha256:8ba050c18bec410f5535fd52450b407028c148e4ffba78170936ce74a9e1d0e4"
            ],
            "index": "pypi",
            "version": "==1.101.0"
        },
        "aws-cdk.aws-codecommit": {
            "hashes": [
                "sha256:c34e4f336b1981b0c6ebe95f698aefda39f8c423b06dae01a1c76da871c910a9",
                "sha256:f211718b924677a5d11333a511d0c6526a238803071564c3280b94047494bf59"
            ],
            "markers": "python_version >= '3.6'",
            "version": "==1.101.0"
        },
        "aws-cdk.aws-codeguruprofiler": {
            "hashes": [
                "sha256:ca04613dce835aaba0103cd038edec892b5fb229c249bf06537a9ec00496e9e7",
                "sha256:e873c86fb759672a240da6cafdbfcc766783a7f2d1afd479f1bff1e38a0c32a2"
            ],
            "markers": "python_version >= '3.6'",
            "version": "==1.101.0"
        },
        "aws-cdk.aws-codepipeline": {
            "hashes": [
                "sha256:aed830c574f0534ace1fd61631239d4248f467f05d0f8d42b61394766fdb437f",
                "sha256:c27cf4fba070417bf7311c48af7fe0613c3c2c6aabbce883081caadaaf32ee72"
            ],
            "index": "pypi",
            "version": "==1.101.0"
        },
        "aws-cdk.aws-ec2": {
            "hashes": [
                "sha256:058abf2384bf0d7f919a7cbb3324235079b9aae6b5bdacc3c5953da9015bdb7b",
                "sha256:3f03d76b36cd797ef4652982c65ef1df0a62a8fb097152b341c90cacc468919c"
            ],
            "markers": "python_version >= '3.6'",
            "version": "==1.101.0"
        },
        "aws-cdk.aws-ecr": {
            "hashes": [
                "sha256:05aa37f2c8055302ac4a6ee4be6a59222915765d465bfd3f40ba46d478804b20",
                "sha256:c693ff03b8f9f38e7c5ee39ec6b42aa180a518044a47afd92309760d184b0566"
            ],
            "markers": "python_version >= '3.6'",
            "version": "==1.101.0"
        },
        "aws-cdk.aws-ecr-assets": {
            "hashes": [
                "sha256:8e7e0e3550f33f394dda137ff621f398a0fc86afc453859dd7406de270a6579c",
                "sha256:e0a72c1c9117d9b43a339d456e026884c9f6f818affa4b808e4676d3f18564d3"
            ],
            "markers": "python_version >= '3.6'",
            "version": "==1.101.0"
        },
        "aws-cdk.aws-efs": {
            "hashes": [
                "sha256:6f5e167610f1a70f15cead3fca9098ee0febb2d65fc0f1e1a41cc9891339581d",
                "sha256:dcbf017832b2f87763006fb32e60728cd5060815d40f6b6cbc2b73f335cfc2ec"
            ],
            "markers": "python_version >= '3.6'",
            "version": "==1.101.0"
        },
        "aws-cdk.aws-events": {
            "hashes": [
                "sha256:22529864859c9a9a89d8be992dbd657decfcbd34b916ddf804543b482e11337b",
                "sha256:df59191e852de73155be133a5a755710f27c093f760e1b23cbf8979ca66ce958"
            ],
            "markers": "python_version >= '3.6'",
            "version": "==1.101.0"
        },
        "aws-cdk.aws-iam": {
            "hashes": [
                "sha256:5d36c41587772ce17b6976acbf2473922e106825802aa8263cc471981cfec722",
                "sha256:6f8025ea199c599ae5e77de90efb85aa6c5c69ae514a57b4a7aef3a839e95674"
            ],
            "index": "pypi",
            "version": "==1.101.0"
        },
        "aws-cdk.aws-kms": {
            "hashes": [
                "sha256:6ac1514da000d9c0c9f40fa49240ece658c2c41f5754eae32cbae7a4aba98e13",
                "sha256:fac9fe65686fc2425147e0d8146385651967086bded4868ae558d0ff7265d682"
            ],
            "markers": "python_version >= '3.6'",
            "version": "==1.101.0"
        },
        "aws-cdk.aws-lambda": {
            "hashes": [
                "sha256:590b44e865cc3c244e030a5d3b194d6a12a1c111e0db7a39ab973e45f7189ea4",
                "sha256:681e535b9ec568d1e5703108a0aeade8126bf1338be02f2bc7fc4b72d8dfde22"
            ],
            "markers": "python_version >= '3.6'",
            "version": "==1.101.0"
        },
        "aws-cdk.aws-logs": {
            "hashes": [
                "sha256:ac1ea91ad34f059e22f0b3e4fd1c78bec262861a3a80fde366fcc08abdc7068a",
                "sha256:d166838484c81e3ff32eb21932e7602c426b3a8596cde5cb0224701ca69ed165"
            ],
            "markers": "python_version >= '3.6'",
            "version": "==1.101.0"
        },
        "aws-cdk.aws-s3": {
            "hashes": [
                "sha256:4556fccfae049a056919a4f7898edae288d215b218525a2622812a0e94df5142",
                "sha256:60d630151da65968775530dcd8cc22b8b87c00b524e8bd5557f1043c2d611333"
            ],
            "index": "pypi",
            "version": "==1.101.0"
        },
        "aws-cdk.aws-s3-assets": {
            "hashes": [
                "sha256:0abdd25ef08ee22817d05c8ec4a0b007af9b2db8bfaa651df133102283ff52bc",
                "sha256:cd45c64d076eaee410096b370d62334ff843f0e2efe106b05068cb53179ef308"
            ],
            "markers": "python_version >= '3.6'",
            "version": "==1.101.0"
        },
        "aws-cdk.aws-sam": {
            "hashes": [
                "sha256:0476c979a10561bea828d66063d07470cb8ebd3745c7871e87f2564782451151",
                "sha256:2293d4ef4c755911c285c1e1e5657e807e64f6b04d5b7c7394657aaa825108f8"
            ],
            "markers": "python_version >= '3.6'",
            "version": "==1.101.0"
        },
        "aws-cdk.aws-secretsmanager": {
            "hashes": [
                "sha256:12ed096d3fa22f48984c1a1eccb089f525c8da02b8c028456c92d252b5ac4d2a",
                "sha256:fa3ce6ed7f7f1adb38bf96c4a8779d88428b82df46299583a27e29ee618bcab0"
            ],
            "markers": "python_version >= '3.6'",
            "version": "==1.101.0"
        },
        "aws-cdk.aws-signer": {
            "hashes": [
                "sha256:416160da17a093b3e112069b760fa4b98dde2541ea90549ef908f3b5990d1b7b",
                "sha256:9a6d6e888cba74059dd1c9f4cdf9b52354d552f943b7d8556e161ac5e36403b0"
            ],
            "markers": "python_version >= '3.6'",
            "version": "==1.101.0"
        },
        "aws-cdk.aws-sqs": {
            "hashes": [
                "sha256:e1ea60bb36f8485d0d46e6e6bc5c159b740071a9023b6f846d0a598b9292a8bd",
                "sha256:fe217447bd1805401634a1348f5cb1f234def60095c78788c81fc2ce5aca1224"
            ],
            "markers": "python_version >= '3.6'",
            "version": "==1.101.0"
        },
        "aws-cdk.aws-ssm": {
            "hashes": [
                "sha256:2f61a6f9c4b6071b3511de922736c801a6d7d23da6aa2d748ebd33f72523237e",
                "sha256:a5a9cb7a179fd0876f391b0d2767d7c414dc21243783355188689800910e5956"
            ],
            "index": "pypi",
            "version": "==1.101.0"
        },
        "aws-cdk.cloud-assembly-schema": {
            "hashes": [
                "sha256:18f32fe20019161de021526540aa1af785e4edece100dab5b168002b08d4e362",
                "sha256:cb66d986e07f8bf8ae595947f391e096af66897720856c346f111d965fd19a25"
            ],
            "markers": "python_version >= '3.6'",
            "version": "==1.101.0"
        },
        "aws-cdk.core": {
            "hashes": [
                "sha256:48b3d8c027e33fb1529885792cfd1fc3b0ce3260edabac821ef4b5b73cdddc7f",
                "sha256:4f146dd3341d38f3f59ea9b63d73af8ee7f62c7899e82d7a7d2d02c56bb04422"
            ],
            "index": "pypi",
            "version": "==1.101.0"
        },
        "aws-cdk.cx-api": {
            "hashes": [
                "sha256:5b99d796f2bd2482f2d0d2f53189afc4b766b906201ee4024886c81834ec0443",
                "sha256:901e7145ae2c72f95e854e826790b3e2a1391c88adeaeb3f8cb8f21a538ed084"
            ],
            "markers": "python_version >= '3.6'",
            "version": "==1.101.0"
        },
        "aws-cdk.region-info": {
            "hashes": [
                "sha256:0cc4a5b8c6baa304bac8ecf4a8eeb2201dd19437492bb18ec37b616b2321d5ee",
                "sha256:284296153018128a6ca02ea91e54a386e8d1b056e4011cbc7181f2f73074d43d"
            ],
            "markers": "python_version >= '3.6'",
            "version": "==1.101.0"
        },
        "cattrs": {
            "hashes": [
                "sha256:277d12740b45e46318b41c3b2e4a3bc067a7b9971cf61f0e96497598ad83f282",
                "sha256:a6233d0ce33d48ac71ef818f8e0b9309a89496b359994c4dfe9ad211c1f6d0a3"
            ],
            "markers": "python_version >= '3.7'",
            "version": "==1.5.0"
        },
        "constructs": {
            "hashes": [
                "sha256:24f9c40a54e66eba22f8e020d7b8efa2f7df415219225f934f217c575afdd8c9",
                "sha256:a4ebf536b74a805bb9277d507c6d355f8b8421ced7879d2186b6464c53fe9496"
            ],
            "markers": "python_version >= '3.6'",
            "version": "==3.3.75"
        },
        "jsii": {
            "hashes": [
                "sha256:76d1f7b4aeec8f59356494f1ed253f5ce1094eeaa46b15232564e4c07c0e1fb5",
                "sha256:d3611f0cc4626ceb26ff55e6fe9ad5dae7a351709ed9c4f12f3bd8065b4c9809"
            ],
            "markers": "python_version ~= '3.6'",
            "version": "==1.29.0"
        },
        "publication": {
            "hashes": [
                "sha256:0248885351febc11d8a1098d5c8e3ab2dabcf3e8c0c96db1e17ecd12b53afbe6",
                "sha256:68416a0de76dddcdd2930d1c8ef853a743cc96c82416c4e4d3b5d901c6276dc4"
            ],
            "version": "==0.0.3"
        },
        "python-dateutil": {
            "hashes": [
                "sha256:73ebfe9dbf22e832286dafa60473e4cd239f8592f699aa5adaf10050e6e1823c",
                "sha256:75bb3f31ea686f1197762692a9ee6a7550b59fc6ca3a1f4b5d7e32fb98e2da2a"
            ],
            "markers": "python_version >= '2.7' and python_version not in '3.0, 3.1, 3.2, 3.3'",
            "version": "==2.8.1"
        },
        "six": {
            "hashes": [
                "sha256:30639c035cdb23534cd4aa2dd52c3bf48f06e5f4a941509c8bafd8ce11080259",
                "sha256:8b74bedcbbbaca38ff6d7491d76f2b06b3592611af620f8426e82dddb04a5ced"
            ],
            "markers": "python_version >= '2.7' and python_version not in '3.0, 3.1, 3.2, 3.3'",
            "version": "==1.15.0"
        },
        "typing-extensions": {
            "hashes": [
                "sha256:7cb407020f00f7bfc3cb3e7881628838e69d8f3fcab2f64742a5e76b2f841918",
                "sha256:99d4073b617d30288f569d3f13d2bd7548c3a7e4c8de87db09a9d29bb3a4a60c",
                "sha256:dafc7639cde7f1b6e1acc0f457842a83e722ccca8eef5270af2d74792619a89f"
            ],
            "version": "==3.7.4.3"
        }
    },
    "develop": {}
}
